
Microsoft Visual Studio Solution File, Format Version 12.00
# Visual Studio Version 17
VisualStudioVersion = 17.9.34622.214
MinimumVisualStudioVersion = 10.0.40219.1
Project("{9A19103F-16F7-4668-BE54-9A1E7A4F7556}") = "Pantry Tracker and Meal Planning with TheMealAPI App", "Pantry Tracker and Meal Planning App\Pantry Tracker and Meal Planning with TheMealAPI App.csproj", "{A533211A-DC8B-4340-B62B-BB7CEB7D603B}"
EndProject
Global
	GlobalSection(SolutionConfigurationPlatforms) = preSolution
		Debug|Any CPU = Debug|Any CPU
		Release|Any CPU = Release|Any CPU
	EndGlobalSection
	GlobalSection(ProjectConfigurationPlatforms) = postSolution
		{A533211A-DC8B-4340-B62B-BB7CEB7D603B}.Debug|Any CPU.ActiveCfg = Debug|Any CPU
		{A533211A-DC8B-4340-B62B-BB7CEB7D603B}.Debug|Any CPU.Build.0 = Debug|Any CPU
		{A533211A-DC8B-4340-B62B-BB7CEB7D603B}.Release|Any CPU.ActiveCfg = Release|Any CPU
		{A533211A-DC8B-4340-B62B-BB7CEB7D603B}.Release|Any CPU.Build.0 = Release|Any CPU
	EndGlobalSection
	GlobalSection(SolutionProperties) = preSolution
		HideSolutionNode = FALSE
	EndGlobalSection
	GlobalSection(ExtensibilityGlobals) = postSolution
		SolutionGuid = {C7C60E56-9659-4420-9A51-34C1D381FE46}
	EndGlobalSection
EndGlobal
